// !$*UTF8*$!
{
	archiveVersion = 1;
	classes = {
	};
	objectVersion = 46;
	objects = {

/* Begin PBXBuildFile section */
		1D14D408736BC850E8111394 /* libPods-EMMCoreProj.a in Frameworks */ = {isa = PBXBuildFile; fileRef = 9D5F4EC0AC75BCE04628F59B /* libPods-EMMCoreProj.a */; };
		74D4F9391D75347A00C9E813 /* EMMBusMediatorTipViewController.m in Sources */ = {isa = PBXBuildFile; fileRef = 74D4F9381D75347A00C9E813 /* EMMBusMediatorTipViewController.m */; };
		74D7EF401D752770002E8F93 /* main.m in Sources */ = {isa = PBXBuildFile; fileRef = 74D7EF3F1D752770002E8F93 /* main.m */; };
		74D7EF431D752770002E8F93 /* AppDelegate.m in Sources */ = {isa = PBXBuildFile; fileRef = 74D7EF421D752770002E8F93 /* AppDelegate.m */; };
		74D7EF461D752770002E8F93 /* ViewController.m in Sources */ = {isa = PBXBuildFile; fileRef = 74D7EF451D752770002E8F93 /* ViewController.m */; };
		74D7EF491D752770002E8F93 /* Main.storyboard in Resources */ = {isa = PBXBuildFile; fileRef = 74D7EF471D752770002E8F93 /* Main.storyboard */; };
		74D7EF4B1D752770002E8F93 /* Assets.xcassets in Resources */ = {isa = PBXBuildFile; fileRef = 74D7EF4A1D752770002E8F93 /* Assets.xcassets */; };
		74D7EF4E1D752770002E8F93 /* LaunchScreen.storyboard in Resources */ = {isa = PBXBuildFile; fileRef = 74D7EF4C1D752770002E8F93 /* LaunchScreen.storyboard */; };
		74D7F0001D752A85002E8F93 /* EMMDeviceInfo.m in Sources */ = {isa = PBXBuildFile; fileRef = 74D7EFD81D752A85002E8F93 /* EMMDeviceInfo.m */; };
		74D7F0011D752A85002E8F93 /* UIDevice-Hardware.m in Sources */ = {isa = PBXBuildFile; fileRef = 74D7EFDA1D752A85002E8F93 /* UIDevice-Hardware.m */; };
		74D7F0021D752A85002E8F93 /* EMMEncrypt.m in Sources */ = {isa = PBXBuildFile; fileRef = 74D7EFDD1D752A85002E8F93 /* EMMEncrypt.m */; };
		74D7F0041D752A85002E8F93 /* EMMNetConnection.m in Sources */ = {isa = PBXBuildFile; fileRef = 74D7EFE41D752A85002E8F93 /* EMMNetConnection.m */; };
		74D7F0051D752A85002E8F93 /* Reachability.m in Sources */ = {isa = PBXBuildFile; fileRef = 74D7EFE61D752A85002E8F93 /* Reachability.m */; };
		74D7F0061D752A85002E8F93 /* UIColor+HexString.m in Sources */ = {isa = PBXBuildFile; fileRef = 74D7EFE91D752A85002E8F93 /* UIColor+HexString.m */; };
		74D7F0071D752A85002E8F93 /* EMMApplicationContext.m in Sources */ = {isa = PBXBuildFile; fileRef = 74D7EFEC1D752A85002E8F93 /* EMMApplicationContext.m */; };
		74D7F0081D752A85002E8F93 /* EMMStorage.m in Sources */ = {isa = PBXBuildFile; fileRef = 74D7EFEE1D752A85002E8F93 /* EMMStorage.m */; };
		74D7F0091D752A85002E8F93 /* EMMW3FolderManager.m in Sources */ = {isa = PBXBuildFile; fileRef = 74D7EFF01D752A85002E8F93 /* EMMW3FolderManager.m */; };
		74D7F00C1D752C90002E8F93 /* EMMBusMediator.m in Sources */ = {isa = PBXBuildFile; fileRef = 74D7F00B1D752C90002E8F93 /* EMMBusMediator.m */; };
		74D7F0191D752CBF002E8F93 /* UIAlertController+EMM.m in Sources */ = {isa = PBXBuildFile; fileRef = 74D7F0111D752CBF002E8F93 /* UIAlertController+EMM.m */; };
		74D7F01A1D752CBF002E8F93 /* EMMAnimation.m in Sources */ = {isa = PBXBuildFile; fileRef = 74D7F0141D752CBF002E8F93 /* EMMAnimation.m */; };
		74D7F01B1D752CBF002E8F93 /* emm_round_back@2x.png in Resources */ = {isa = PBXBuildFile; fileRef = 74D7F0161D752CBF002E8F93 /* emm_round_back@2x.png */; };
		74D7F01C1D752CBF002E8F93 /* EMMQRCodeViewController.m in Sources */ = {isa = PBXBuildFile; fileRef = 74D7F0181D752CBF002E8F93 /* EMMQRCodeViewController.m */; };
		74D7F0251D752CE6002E8F93 /* EMMDataAccessor.m in Sources */ = {isa = PBXBuildFile; fileRef = 74D7F01F1D752CE6002E8F93 /* EMMDataAccessor.m */; };
		74D7F0261D752CE6002E8F93 /* EMMFileDataAccessor.m in Sources */ = {isa = PBXBuildFile; fileRef = 74D7F0211D752CE6002E8F93 /* EMMFileDataAccessor.m */; };
		74D7F0271D752CE6002E8F93 /* EMMHTTPDataAccessor.m in Sources */ = {isa = PBXBuildFile; fileRef = 74D7F0241D752CE6002E8F93 /* EMMHTTPDataAccessor.m */; };
/* End PBXBuildFile section */

/* Begin PBXFileReference section */
		483D29C5B6D938488B4C4D71 /* Pods-EMMCoreProj.debug.xcconfig */ = {isa = PBXFileReference; includeInIndex = 1; lastKnownFileType = text.xcconfig; name = "Pods-EMMCoreProj.debug.xcconfig"; path = "Pods/Target Support Files/Pods-EMMCoreProj/Pods-EMMCoreProj.debug.xcconfig"; sourceTree = "<group>"; };
		74D4F9371D75347A00C9E813 /* EMMBusMediatorTipViewController.h */ = {isa = PBXFileReference; fileEncoding = 4; lastKnownFileType = sourcecode.c.h; name = EMMBusMediatorTipViewController.h; path = BusMediator/EMMBusMediatorTipViewController.h; sourceTree = "<group>"; };
		74D4F9381D75347A00C9E813 /* EMMBusMediatorTipViewController.m */ = {isa = PBXFileReference; fileEncoding = 4; lastKnownFileType = sourcecode.c.objc; name = EMMBusMediatorTipViewController.m; path = BusMediator/EMMBusMediatorTipViewController.m; sourceTree = "<group>"; };
		74D7EF3B1D752770002E8F93 /* EMMCoreProj.app */ = {isa = PBXFileReference; explicitFileType = wrapper.application; includeInIndex = 0; path = EMMCoreProj.app; sourceTree = BUILT_PRODUCTS_DIR; };
		74D7EF3F1D752770002E8F93 /* main.m */ = {isa = PBXFileReference; lastKnownFileType = sourcecode.c.objc; path = main.m; sourceTree = "<group>"; };
		74D7EF411D752770002E8F93 /* AppDelegate.h */ = {isa = PBXFileReference; lastKnownFileType = sourcecode.c.h; path = AppDelegate.h; sourceTree = "<group>"; };
		74D7EF421D752770002E8F93 /* AppDelegate.m */ = {isa = PBXFileReference; lastKnownFileType = sourcecode.c.objc; path = AppDelegate.m; sourceTree = "<group>"; };
		74D7EF441D752770002E8F93 /* ViewController.h */ = {isa = PBXFileReference; lastKnownFileType = sourcecode.c.h; path = ViewController.h; sourceTree = "<group>"; };
		74D7EF451D752770002E8F93 /* ViewController.m */ = {isa = PBXFileReference; lastKnownFileType = sourcecode.c.objc; path = ViewController.m; sourceTree = "<group>"; };
		74D7EF481D752770002E8F93 /* Base */ = {isa = PBXFileReference; lastKnownFileType = file.storyboard; name = Base; path = Base.lproj/Main.storyboard; sourceTree = "<group>"; };
		74D7EF4A1D752770002E8F93 /* Assets.xcassets */ = {isa = PBXFileReference; lastKnownFileType = folder.assetcatalog; path = Assets.xcassets; sourceTree = "<group>"; };
		74D7EF4D1D752770002E8F93 /* Base */ = {isa = PBXFileReference; lastKnownFileType = file.storyboard; name = Base; path = Base.lproj/LaunchScreen.storyboard; sourceTree = "<group>"; };
		74D7EF4F1D752770002E8F93 /* Info.plist */ = {isa = PBXFileReference; lastKnownFileType = text.plist.xml; path = Info.plist; sourceTree = "<group>"; };
		74D7EFD71D752A85002E8F93 /* EMMDeviceInfo.h */ = {isa = PBXFileReference; fileEncoding = 4; lastKnownFileType = sourcecode.c.h; path = EMMDeviceInfo.h; sourceTree = "<group>"; };
		74D7EFD81D752A85002E8F93 /* EMMDeviceInfo.m */ = {isa = PBXFileReference; fileEncoding = 4; lastKnownFileType = sourcecode.c.objc; path = EMMDeviceInfo.m; sourceTree = "<group>"; };
		74D7EFD91D752A85002E8F93 /* UIDevice-Hardware.h */ = {isa = PBXFileReference; fileEncoding = 4; lastKnownFileType = sourcecode.c.h; path = "UIDevice-Hardware.h"; sourceTree = "<group>"; };
		74D7EFDA1D752A85002E8F93 /* UIDevice-Hardware.m */ = {isa = PBXFileReference; fileEncoding = 4; lastKnownFileType = sourcecode.c.objc; path = "UIDevice-Hardware.m"; sourceTree = "<group>"; };
		74D7EFDC1D752A85002E8F93 /* EMMEncrypt.h */ = {isa = PBXFileReference; fileEncoding = 4; lastKnownFileType = sourcecode.c.h; path = EMMEncrypt.h; sourceTree = "<group>"; };
		74D7EFDD1D752A85002E8F93 /* EMMEncrypt.m */ = {isa = PBXFileReference; fileEncoding = 4; lastKnownFileType = sourcecode.c.objc; path = EMMEncrypt.m; sourceTree = "<group>"; };
		74D7EFE31D752A85002E8F93 /* EMMNetConnection.h */ = {isa = PBXFileReference; fileEncoding = 4; lastKnownFileType = sourcecode.c.h; path = EMMNetConnection.h; sourceTree = "<group>"; };
		74D7EFE41D752A85002E8F93 /* EMMNetConnection.m */ = {isa = PBXFileReference; fileEncoding = 4; lastKnownFileType = sourcecode.c.objc; path = EMMNetConnection.m; sourceTree = "<group>"; };
		74D7EFE51D752A85002E8F93 /* Reachability.h */ = {isa = PBXFileReference; fileEncoding = 4; lastKnownFileType = sourcecode.c.h; path = Reachability.h; sourceTree = "<group>"; };
		74D7EFE61D752A85002E8F93 /* Reachability.m */ = {isa = PBXFileReference; fileEncoding = 4; lastKnownFileType = sourcecode.c.objc; path = Reachability.m; sourceTree = "<group>"; };
		74D7EFE81D752A85002E8F93 /* UIColor+HexString.h */ = {isa = PBXFileReference; fileEncoding = 4; lastKnownFileType = sourcecode.c.h; path = "UIColor+HexString.h"; sourceTree = "<group>"; };
		74D7EFE91D752A85002E8F93 /* UIColor+HexString.m */ = {isa = PBXFileReference; fileEncoding = 4; lastKnownFileType = sourcecode.c.objc; path = "UIColor+HexString.m"; sourceTree = "<group>"; };
		74D7EFEB1D752A85002E8F93 /* EMMApplicationContext.h */ = {isa = PBXFileReference; fileEncoding = 4; lastKnownFileType = sourcecode.c.h; path = EMMApplicationContext.h; sourceTree = "<group>"; };
		74D7EFEC1D752A85002E8F93 /* EMMApplicationContext.m */ = {isa = PBXFileReference; fileEncoding = 4; lastKnownFileType = sourcecode.c.objc; path = EMMApplicationContext.m; sourceTree = "<group>"; };
		74D7EFED1D752A85002E8F93 /* EMMStorage.h */ = {isa = PBXFileReference; fileEncoding = 4; lastKnownFileType = sourcecode.c.h; path = EMMStorage.h; sourceTree = "<group>"; };
		74D7EFEE1D752A85002E8F93 /* EMMStorage.m */ = {isa = PBXFileReference; fileEncoding = 4; lastKnownFileType = sourcecode.c.objc; path = EMMStorage.m; sourceTree = "<group>"; };
		74D7EFEF1D752A85002E8F93 /* EMMW3FolderManager.h */ = {isa = PBXFileReference; fileEncoding = 4; lastKnownFileType = sourcecode.c.h; path = EMMW3FolderManager.h; sourceTree = "<group>"; };
		74D7EFF01D752A85002E8F93 /* EMMW3FolderManager.m */ = {isa = PBXFileReference; fileEncoding = 4; lastKnownFileType = sourcecode.c.objc; path = EMMW3FolderManager.m; sourceTree = "<group>"; };
		74D7F00A1D752C90002E8F93 /* EMMBusMediator.h */ = {isa = PBXFileReference; fileEncoding = 4; lastKnownFileType = sourcecode.c.h; name = EMMBusMediator.h; path = BusMediator/EMMBusMediator.h; sourceTree = "<group>"; };
		74D7F00B1D752C90002E8F93 /* EMMBusMediator.m */ = {isa = PBXFileReference; fileEncoding = 4; lastKnownFileType = sourcecode.c.objc; name = EMMBusMediator.m; path = BusMediator/EMMBusMediator.m; sourceTree = "<group>"; };
		74D7F0101D752CBF002E8F93 /* UIAlertController+EMM.h */ = {isa = PBXFileReference; fileEncoding = 4; lastKnownFileType = sourcecode.c.h; path = "UIAlertController+EMM.h"; sourceTree = "<group>"; };
		74D7F0111D752CBF002E8F93 /* UIAlertController+EMM.m */ = {isa = PBXFileReference; fileEncoding = 4; lastKnownFileType = sourcecode.c.objc; path = "UIAlertController+EMM.m"; sourceTree = "<group>"; };
		74D7F0131D752CBF002E8F93 /* EMMAnimation.h */ = {isa = PBXFileReference; fileEncoding = 4; lastKnownFileType = sourcecode.c.h; path = EMMAnimation.h; sourceTree = "<group>"; };
		74D7F0141D752CBF002E8F93 /* EMMAnimation.m */ = {isa = PBXFileReference; fileEncoding = 4; lastKnownFileType = sourcecode.c.objc; path = EMMAnimation.m; sourceTree = "<group>"; };
		74D7F0161D752CBF002E8F93 /* emm_round_back@2x.png */ = {isa = PBXFileReference; lastKnownFileType = image.png; path = "emm_round_back@2x.png"; sourceTree = "<group>"; };
		74D7F0171D752CBF002E8F93 /* EMMQRCodeViewController.h */ = {isa = PBXFileReference; fileEncoding = 4; lastKnownFileType = sourcecode.c.h; path = EMMQRCodeViewController.h; sourceTree = "<group>"; };
		74D7F0181D752CBF002E8F93 /* EMMQRCodeViewController.m */ = {isa = PBXFileReference; fileEncoding = 4; lastKnownFileType = sourcecode.c.objc; path = EMMQRCodeViewController.m; sourceTree = "<group>"; };
		74D7F01E1D752CE6002E8F93 /* EMMDataAccessor.h */ = {isa = PBXFileReference; fileEncoding = 4; lastKnownFileType = sourcecode.c.h; path = EMMDataAccessor.h; sourceTree = "<group>"; };
		74D7F01F1D752CE6002E8F93 /* EMMDataAccessor.m */ = {isa = PBXFileReference; fileEncoding = 4; lastKnownFileType = sourcecode.c.objc; path = EMMDataAccessor.m; sourceTree = "<group>"; };
		74D7F0201D752CE6002E8F93 /* EMMFileDataAccessor.h */ = {isa = PBXFileReference; fileEncoding = 4; lastKnownFileType = sourcecode.c.h; path = EMMFileDataAccessor.h; sourceTree = "<group>"; };
		74D7F0211D752CE6002E8F93 /* EMMFileDataAccessor.m */ = {isa = PBXFileReference; fileEncoding = 4; lastKnownFileType = sourcecode.c.objc; path = EMMFileDataAccessor.m; sourceTree = "<group>"; };
		74D7F0231D752CE6002E8F93 /* EMMHTTPDataAccessor.h */ = {isa = PBXFileReference; fileEncoding = 4; lastKnownFileType = sourcecode.c.h; path = EMMHTTPDataAccessor.h; sourceTree = "<group>"; };
		74D7F0241D752CE6002E8F93 /* EMMHTTPDataAccessor.m */ = {isa = PBXFileReference; fileEncoding = 4; lastKnownFileType = sourcecode.c.objc; path = EMMHTTPDataAccessor.m; sourceTree = "<group>"; };
		74D7F0281D752E31002E8F93 /* EMMBusMediatorProtocol.h */ = {isa = PBXFileReference; lastKnownFileType = sourcecode.c.h; name = EMMBusMediatorProtocol.h; path = BusMediator/EMMBusMediatorProtocol.h; sourceTree = "<group>"; };
		9D5F4EC0AC75BCE04628F59B /* libPods-EMMCoreProj.a */ = {isa = PBXFileReference; explicitFileType = archive.ar; includeInIndex = 0; path = "libPods-EMMCoreProj.a"; sourceTree = BUILT_PRODUCTS_DIR; };
		F68CF8118140FA2F49E7622E /* Pods-EMMCoreProj.release.xcconfig */ = {isa = PBXFileReference; includeInIndex = 1; lastKnownFileType = text.xcconfig; name = "Pods-EMMCoreProj.release.xcconfig"; path = "Pods/Target Support Files/Pods-EMMCoreProj/Pods-EMMCoreProj.release.xcconfig"; sourceTree = "<group>"; };
/* End PBXFileReference section */

/* Begin PBXFrameworksBuildPhase section */
		74D7EF381D752770002E8F93 /* Frameworks */ = {
			isa = PBXFrameworksBuildPhase;
			buildActionMask = 2147483647;
			files = (
				1D14D408736BC850E8111394 /* libPods-EMMCoreProj.a in Frameworks */,
			);
			runOnlyForDeploymentPostprocessing = 0;
		};
/* End PBXFrameworksBuildPhase section */

/* Begin PBXGroup section */
		0A0CD81EE69FC995F9CA0E58 /* Pods */ = {
			isa = PBXGroup;
			children = (
				483D29C5B6D938488B4C4D71 /* Pods-EMMCoreProj.debug.xcconfig */,
				F68CF8118140FA2F49E7622E /* Pods-EMMCoreProj.release.xcconfig */,
			);
			name = Pods;
			sourceTree = "<group>";
		};
		74D7EF321D752770002E8F93 = {
			isa = PBXGroup;
			children = (
				74D7EFB41D752A85002E8F93 /* EMMCore */,
				74D7EF3D1D752770002E8F93 /* EMMCoreProj */,
				74D7EF3C1D752770002E8F93 /* Products */,
				0A0CD81EE69FC995F9CA0E58 /* Pods */,
				CF761FCEBE5ED611ED6C7EAD /* Frameworks */,
			);
			sourceTree = "<group>";
		};
		74D7EF3C1D752770002E8F93 /* Products */ = {
			isa = PBXGroup;
			children = (
				74D7EF3B1D752770002E8F93 /* EMMCoreProj.app */,
			);
			name = Products;
			sourceTree = "<group>";
		};
		74D7EF3D1D752770002E8F93 /* EMMCoreProj */ = {
			isa = PBXGroup;
			children = (
				74D7EF411D752770002E8F93 /* AppDelegate.h */,
				74D7EF421D752770002E8F93 /* AppDelegate.m */,
				74D7EF441D752770002E8F93 /* ViewController.h */,
				74D7EF451D752770002E8F93 /* ViewController.m */,
				74D7EF471D752770002E8F93 /* Main.storyboard */,
				74D7EF4A1D752770002E8F93 /* Assets.xcassets */,
				74D7EF4C1D752770002E8F93 /* LaunchScreen.storyboard */,
				74D7EF4F1D752770002E8F93 /* Info.plist */,
				74D7EF3E1D752770002E8F93 /* Supporting Files */,
			);
			path = EMMCoreProj;
			sourceTree = "<group>";
		};
		74D7EF3E1D752770002E8F93 /* Supporting Files */ = {
			isa = PBXGroup;
			children = (
				74D7EF3F1D752770002E8F93 /* main.m */,
			);
			name = "Supporting Files";
			sourceTree = "<group>";
		};
		74D7EFB41D752A85002E8F93 /* EMMCore */ = {
			isa = PBXGroup;
			children = (
				74D7EFD51D752A85002E8F93 /* PublicBase */,
				74D7EFB51D752A85002E8F93 /* ProductBase */,
			);
			name = EMMCore;
			path = ../EMMCore;
			sourceTree = "<group>";
		};
		74D7EFB51D752A85002E8F93 /* ProductBase */ = {
			isa = PBXGroup;
			children = (
				74D7F00D1D752C98002E8F93 /* BusMediator */,
				74D7F01D1D752CE6002E8F93 /* Data */,
				74D7F00E1D752CBF002E8F93 /* UI */,
			);
			path = ProductBase;
			sourceTree = "<group>";
		};
		74D7EFD51D752A85002E8F93 /* PublicBase */ = {
			isa = PBXGroup;
			children = (
				74D7EFD61D752A85002E8F93 /* Device */,
				74D7EFDB1D752A85002E8F93 /* Encrypt */,
				74D7EFE21D752A85002E8F93 /* Net */,
				74D7EFEA1D752A85002E8F93 /* Storage */,
				74D7EFE71D752A85002E8F93 /* Others */,
			);
			path = PublicBase;
			sourceTree = "<group>";
		};
		74D7EFD61D752A85002E8F93 /* Device */ = {
			isa = PBXGroup;
			children = (
				74D7EFD71D752A85002E8F93 /* EMMDeviceInfo.h */,
				74D7EFD81D752A85002E8F93 /* EMMDeviceInfo.m */,
				74D7EFD91D752A85002E8F93 /* UIDevice-Hardware.h */,
				74D7EFDA1D752A85002E8F93 /* UIDevice-Hardware.m */,
			);
			path = Device;
			sourceTree = "<group>";
		};
		74D7EFDB1D752A85002E8F93 /* Encrypt */ = {
			isa = PBXGroup;
			children = (
				74D7EFDC1D752A85002E8F93 /* EMMEncrypt.h */,
				74D7EFDD1D752A85002E8F93 /* EMMEncrypt.m */,
			);
			path = Encrypt;
			sourceTree = "<group>";
		};
		74D7EFE21D752A85002E8F93 /* Net */ = {
			isa = PBXGroup;
			children = (
				74D7EFE31D752A85002E8F93 /* EMMNetConnection.h */,
				74D7EFE41D752A85002E8F93 /* EMMNetConnection.m */,
				74D7EFE51D752A85002E8F93 /* Reachability.h */,
				74D7EFE61D752A85002E8F93 /* Reachability.m */,
			);
			path = Net;
			sourceTree = "<group>";
		};
		74D7EFE71D752A85002E8F93 /* Others */ = {
			isa = PBXGroup;
			children = (
				74D7EFE81D752A85002E8F93 /* UIColor+HexString.h */,
				74D7EFE91D752A85002E8F93 /* UIColor+HexString.m */,
			);
			path = Others;
			sourceTree = "<group>";
		};
		74D7EFEA1D752A85002E8F93 /* Storage */ = {
			isa = PBXGroup;
			children = (
				74D7EFEB1D752A85002E8F93 /* EMMApplicationContext.h */,
				74D7EFEC1D752A85002E8F93 /* EMMApplicationContext.m */,
				74D7EFED1D752A85002E8F93 /* EMMStorage.h */,
				74D7EFEE1D752A85002E8F93 /* EMMStorage.m */,
				74D7EFEF1D752A85002E8F93 /* EMMW3FolderManager.h */,
				74D7EFF01D752A85002E8F93 /* EMMW3FolderManager.m */,
			);
			path = Storage;
			sourceTree = "<group>";
		};
		74D7F00D1D752C98002E8F93 /* BusMediator */ = {
			isa = PBXGroup;
			children = (
				74D7F0281D752E31002E8F93 /* EMMBusMediatorProtocol.h */,
				74D7F00A1D752C90002E8F93 /* EMMBusMediator.h */,
				74D7F00B1D752C90002E8F93 /* EMMBusMediator.m */,
				74D4F9371D75347A00C9E813 /* EMMBusMediatorTipViewController.h */,
				74D4F9381D75347A00C9E813 /* EMMBusMediatorTipViewController.m */,
			);
			name = BusMediator;
			sourceTree = "<group>";
		};
		74D7F00E1D752CBF002E8F93 /* UI */ = {
			isa = PBXGroup;
			children = (
				74D7F00F1D752CBF002E8F93 /* Alert */,
				74D7F0121D752CBF002E8F93 /* Animation */,
				74D7F0151D752CBF002E8F93 /* QRCode */,
			);
			path = UI;
			sourceTree = "<group>";
		};
		74D7F00F1D752CBF002E8F93 /* Alert */ = {
			isa = PBXGroup;
			children = (
				74D7F0101D752CBF002E8F93 /* UIAlertController+EMM.h */,
				74D7F0111D752CBF002E8F93 /* UIAlertController+EMM.m */,
			);
			path = Alert;
			sourceTree = "<group>";
		};
		74D7F0121D752CBF002E8F93 /* Animation */ = {
			isa = PBXGroup;
			children = (
				74D7F0131D752CBF002E8F93 /* EMMAnimation.h */,
				74D7F0141D752CBF002E8F93 /* EMMAnimation.m */,
			);
			path = Animation;
			sourceTree = "<group>";
		};
		74D7F0151D752CBF002E8F93 /* QRCode */ = {
			isa = PBXGroup;
			children = (
				74D7F0161D752CBF002E8F93 /* emm_round_back@2x.png */,
				74D7F0171D752CBF002E8F93 /* EMMQRCodeViewController.h */,
				74D7F0181D752CBF002E8F93 /* EMMQRCodeViewController.m */,
			);
			path = QRCode;
			sourceTree = "<group>";
		};
		74D7F01D1D752CE6002E8F93 /* Data */ = {
			isa = PBXGroup;
			children = (
				74D7F01E1D752CE6002E8F93 /* EMMDataAccessor.h */,
				74D7F01F1D752CE6002E8F93 /* EMMDataAccessor.m */,
				74D7F0201D752CE6002E8F93 /* EMMFileDataAccessor.h */,
				74D7F0211D752CE6002E8F93 /* EMMFileDataAccessor.m */,
				74D7F0221D752CE6002E8F93 /* HTTP */,
			);
			path = Data;
			sourceTree = "<group>";
		};
		74D7F0221D752CE6002E8F93 /* HTTP */ = {
			isa = PBXGroup;
			children = (
				74D7F0231D752CE6002E8F93 /* EMMHTTPDataAccessor.h */,
				74D7F0241D752CE6002E8F93 /* EMMHTTPDataAccessor.m */,
			);
			path = HTTP;
			sourceTree = "<group>";
		};
		CF761FCEBE5ED611ED6C7EAD /* Frameworks */ = {
			isa = PBXGroup;
			children = (
				9D5F4EC0AC75BCE04628F59B /* libPods-EMMCoreProj.a */,
			);
			name = Frameworks;
			sourceTree = "<group>";
		};
/* End PBXGroup section */

/* Begin PBXNativeTarget section */
		74D7EF3A1D752770002E8F93 /* EMMCoreProj */ = {
			isa = PBXNativeTarget;
			buildConfigurationList = 74D7EF521D752770002E8F93 /* Build configuration list for PBXNativeTarget "EMMCoreProj" */;
			buildPhases = (
				5774362D3EBD916429531306 /* [CP] Check Pods Manifest.lock */,
				74D7EF371D752770002E8F93 /* Sources */,
				74D7EF381D752770002E8F93 /* Frameworks */,
				74D7EF391D752770002E8F93 /* Resources */,
				76C7A6649EA1BA083B533490 /* [CP] Embed Pods Frameworks */,
				42286B157B4E8DE582A40A80 /* [CP] Copy Pods Resources */,
			);
			buildRules = (
			);
			dependencies = (
			);
			name = EMMCoreProj;
			productName = EMMCoreProj;
			productReference = 74D7EF3B1D752770002E8F93 /* EMMCoreProj.app */;
			productType = "com.apple.product-type.application";
		};
/* End PBXNativeTarget section */

/* Begin PBXProject section */
		74D7EF331D752770002E8F93 /* Project object */ = {
			isa = PBXProject;
			attributes = {
				LastUpgradeCheck = 0730;
				ORGANIZATIONNAME = Yonyou;
				TargetAttributes = {
					74D7EF3A1D752770002E8F93 = {
						CreatedOnToolsVersion = 7.3.1;
						DevelopmentTeam = 28G5Y8M7P8;
					};
				};
			};
			buildConfigurationList = 74D7EF361D752770002E8F93 /* Build configuration list for PBXProject "EMMCoreProj" */;
			compatibilityVersion = "Xcode 3.2";
			developmentRegion = English;
			hasScannedForEncodings = 0;
			knownRegions = (
				en,
				Base,
			);
			mainGroup = 74D7EF321D752770002E8F93;
			productRefGroup = 74D7EF3C1D752770002E8F93 /* Products */;
			projectDirPath = "";
			projectRoot = "";
			targets = (
				74D7EF3A1D752770002E8F93 /* EMMCoreProj */,
			);
		};
/* End PBXProject section */

/* Begin PBXResourcesBuildPhase section */
		74D7EF391D752770002E8F93 /* Resources */ = {
			isa = PBXResourcesBuildPhase;
			buildActionMask = 2147483647;
			files = (
				74D7EF4E1D752770002E8F93 /* LaunchScreen.storyboard in Resources */,
				74D7EF4B1D752770002E8F93 /* Assets.xcassets in Resources */,
				74D7F01B1D752CBF002E8F93 /* emm_round_back@2x.png in Resources */,
				74D7EF491D752770002E8F93 /* Main.storyboard in Resources */,
			);
			runOnlyForDeploymentPostprocessing = 0;
		};
/* End PBXResourcesBuildPhase section */

/* Begin PBXShellScriptBuildPhase section */
		42286B157B4E8DE582A40A80 /* [CP] Copy Pods Resources */ = {
			isa = PBXShellScriptBuildPhase;
			buildActionMask = 2147483647;
			files = (
			);
			inputPaths = (
			);
			name = "[CP] Copy Pods Resources";
			outputPaths = (
			);
			runOnlyForDeploymentPostprocessing = 0;
			shellPath = /bin/sh;
			shellScript = "\"${SRCROOT}/Pods/Target Support Files/Pods-EMMCoreProj/Pods-EMMCoreProj-resources.sh\"\n";
			showEnvVarsInLog = 0;
		};
		5774362D3EBD916429531306 /* [CP] Check Pods Manifest.lock */ = {
			isa = PBXShellScriptBuildPhase;
			buildActionMask = 2147483647;
			files = (
			);
			inputPaths = (
			);
			name = "[CP] Check Pods Manifest.lock";
			outputPaths = (
			);
			runOnlyForDeploymentPostprocessing = 0;
			shellPath = /bin/sh;
			shellScript = "diff \"${PODS_ROOT}/../Podfile.lock\" \"${PODS_ROOT}/Manifest.lock\" > /dev/null\nif [[ $? != 0 ]] ; then\n    cat << EOM\nerror: The sandbox is not in sync with the Podfile.lock. Run 'pod install' or update your CocoaPods installation.\nEOM\n    exit 1\nfi\n";
			showEnvVarsInLog = 0;
		};
		76C7A6649EA1BA083B533490 /* [CP] Embed Pods Frameworks */ = {
			isa = PBXShellScriptBuildPhase;
			buildActionMask = 2147483647;
			files = (
			);
			inputPaths = (
			);
			name = "[CP] Embed Pods Frameworks";
			outputPaths = (
			);
			runOnlyForDeploymentPostprocessing = 0;
			shellPath = /bin/sh;
			shellScript = "\"${SRCROOT}/Pods/Target Support Files/Pods-EMMCoreProj/Pods-EMMCoreProj-frameworks.sh\"\n";
			showEnvVarsInLog = 0;
		};
/* End PBXShellScriptBuildPhase section */

/* Begin PBXSourcesBuildPhase section */
		74D7EF371D752770002E8F93 /* Sources */ = {
			isa = PBXSourcesBuildPhase;
			buildActionMask = 2147483647;
			files = (
				74D7F01C1D752CBF002E8F93 /* EMMQRCodeViewController.m in Sources */,
				74D7EF461D752770002E8F93 /* ViewController.m in Sources */,
				74D7EF431D752770002E8F93 /* AppDelegate.m in Sources */,
				74D7F0001D752A85002E8F93 /* EMMDeviceInfo.m in Sources */,
				74D7F01A1D752CBF002E8F93 /* EMMAnimation.m in Sources */,
				74D4F9391D75347A00C9E813 /* EMMBusMediatorTipViewController.m in Sources */,
				74D7F00C1D752C90002E8F93 /* EMMBusMediator.m in Sources */,
				74D7F0191D752CBF002E8F93 /* UIAlertController+EMM.m in Sources */,
				74D7F0091D752A85002E8F93 /* EMMW3FolderManager.m in Sources */,
				74D7F0011D752A85002E8F93 /* UIDevice-Hardware.m in Sources */,
				74D7F0021D752A85002E8F93 /* EMMEncrypt.m in Sources */,
				74D7F0261D752CE6002E8F93 /* EMMFileDataAccessor.m in Sources */,
				74D7F0081D752A85002E8F93 /* EMMStorage.m in Sources */,
				74D7F0041D752A85002E8F93 /* EMMNetConnection.m in Sources */,
				74D7F0251D752CE6002E8F93 /* EMMDataAccessor.m in Sources */,
				74D7F0051D752A85002E8F93 /* Reachability.m in Sources */,
				74D7F0071D752A85002E8F93 /* EMMApplicationContext.m in Sources */,
				74D7F0271D752CE6002E8F93 /* EMMHTTPDataAccessor.m in Sources */,
				74D7F0061D752A85002E8F93 /* UIColor+HexString.m in Sources */,
				74D7EF401D752770002E8F93 /* main.m in Sources */,
			);
			runOnlyForDeploymentPostprocessing = 0;
		};
/* End PBXSourcesBuildPhase section */

/* Begin PBXVariantGroup section */
		74D7EF471D752770002E8F93 /* Main.storyboard */ = {
			isa = PBXVariantGroup;
			children = (
				74D7EF481D752770002E8F93 /* Base */,
			);
			name = Main.storyboard;
			sourceTree = "<group>";
		};
		74D7EF4C1D752770002E8F93 /* LaunchScreen.storyboard */ = {
			isa = PBXVariantGroup;
			children = (
				74D7EF4D1D752770002E8F93 /* Base */,
			);
			name = LaunchScreen.storyboard;
			sourceTree = "<group>";
		};
/* End PBXVariantGroup section */

/* Begin XCBuildConfiguration section */
		74D7EF501D752770002E8F93 /* Debug */ = {
			isa = XCBuildConfiguration;
			buildSettings = {
				ALWAYS_SEARCH_USER_PATHS = NO;
				CLANG_ANALYZER_NONNULL = YES;
				CLANG_CXX_LANGUAGE_STANDARD = "gnu++0x";
				CLANG_CXX_LIBRARY = "libc++";
				CLANG_ENABLE_MODULES = YES;
				CLANG_ENABLE_OBJC_ARC = YES;
				CLANG_WARN_BOOL_CONVERSION = YES;
				CLANG_WARN_CONSTANT_CONVERSION = YES;
				CLANG_WARN_DIRECT_OBJC_ISA_USAGE = YES_ERROR;
				CLANG_WARN_EMPTY_BODY = YES;
				CLANG_WARN_ENUM_CONVERSION = YES;
				CLANG_WARN_INT_CONVERSION = YES;
				CLANG_WARN_OBJC_ROOT_CLASS = YES_ERROR;
				CLANG_WARN_UNREACHABLE_CODE = YES;
				CLANG_WARN__DUPLICATE_METHOD_MATCH = YES;
				"CODE_SIGN_IDENTITY[sdk=iphoneos*]" = "iPhone Developer";
				COPY_PHASE_STRIP = NO;
				DEBUG_INFORMATION_FORMAT = dwarf;
				ENABLE_STRICT_OBJC_MSGSEND = YES;
				ENABLE_TESTABILITY = YES;
				GCC_C_LANGUAGE_STANDARD = gnu99;
				GCC_DYNAMIC_NO_PIC = NO;
				GCC_NO_COMMON_BLOCKS = YES;
				GCC_OPTIMIZATION_LEVEL = 0;
				GCC_PREPROCESSOR_DEFINITIONS = (
					"DEBUG=1",
					"$(inherited)",
				);
				GCC_WARN_64_TO_32_BIT_CONVERSION = YES;
				GCC_WARN_ABOUT_RETURN_TYPE = YES_ERROR;
				GCC_WARN_UNDECLARED_SELECTOR = YES;
				GCC_WARN_UNINITIALIZED_AUTOS = YES_AGGRESSIVE;
				GCC_WARN_UNUSED_FUNCTION = YES;
				GCC_WARN_UNUSED_VARIABLE = YES;
				IPHONEOS_DEPLOYMENT_TARGET = 9.3;
				MTL_ENABLE_DEBUG_INFO = YES;
				ONLY_ACTIVE_ARCH = YES;
				SDKROOT = iphoneos;
			};
			name = Debug;
		};
		74D7EF511D752770002E8F93 /* Release */ = {
			isa = XCBuildConfiguration;
			buildSettings = {
				ALWAYS_SEARCH_USER_PATHS = NO;
				CLANG_ANALYZER_NONNULL = YES;
				CLANG_CXX_LANGUAGE_STANDARD = "gnu++0x";
				CLANG_CXX_LIBRARY = "libc++";
				CLANG_ENABLE_MODULES = YES;
				CLANG_ENABLE_OBJC_ARC = YES;
				CLANG_WARN_BOOL_CONVERSION = YES;
				CLANG_WARN_CONSTANT_CONVERSION = YES;
				CLANG_WARN_DIRECT_OBJC_ISA_USAGE = YES_ERROR;
				CLANG_WARN_EMPTY_BODY = YES;
				CLANG_WARN_ENUM_CONVERSION = YES;
				CLANG_WARN_INT_CONVERSION = YES;
				CLANG_WARN_OBJC_ROOT_CLASS = YES_ERROR;
				CLANG_WARN_UNREACHABLE_CODE = YES;
				CLANG_WARN__DUPLICATE_METHOD_MATCH = YES;
				"CODE_SIGN_IDENTITY[sdk=iphoneos*]" = "iPhone Developer";
				COPY_PHASE_STRIP = NO;
				DEBUG_INFORMATION_FORMAT = "dwarf-with-dsym";
				ENABLE_NS_ASSERTIONS = NO;
				ENABLE_STRICT_OBJC_MSGSEND = YES;
				GCC_C_LANGUAGE_STANDARD = gnu99;
				GCC_NO_COMMON_BLOCKS = YES;
				GCC_WARN_64_TO_32_BIT_CONVERSION = YES;
				GCC_WARN_ABOUT_RETURN_TYPE = YES_ERROR;
				GCC_WARN_UNDECLARED_SELECTOR = YES;
				GCC_WARN_UNINITIALIZED_AUTOS = YES_AGGRESSIVE;
				GCC_WARN_UNUSED_FUNCTION = YES;
				GCC_WARN_UNUSED_VARIABLE = YES;
				IPHONEOS_DEPLOYMENT_TARGET = 9.3;
				MTL_ENABLE_DEBUG_INFO = NO;
				SDKROOT = iphoneos;
				VALIDATE_PRODUCT = YES;
			};
			name = Release;
		};
		74D7EF531D752770002E8F93 /* Debug */ = {
			isa = XCBuildConfiguration;
			baseConfigurationReference = 483D29C5B6D938488B4C4D71 /* Pods-EMMCoreProj.debug.xcconfig */;
			buildSettings = {
				ASSETCATALOG_COMPILER_APPICON_NAME = AppIcon;
				INFOPLIST_FILE = EMMCoreProj/Info.plist;
				LD_RUNPATH_SEARCH_PATHS = "$(inherited) @executable_path/Frameworks";
				PRODUCT_BUNDLE_IDENTIFIER = com.yonyou.EMMCoreProj;
				PRODUCT_NAME = "$(TARGET_NAME)";
			};
			name = Debug;
		};
		74D7EF541D752770002E8F93 /* Release */ = {
			isa = XCBuildConfiguration;
			baseConfigurationReference = F68CF8118140FA2F49E7622E /* Pods-EMMCoreProj.release.xcconfig */;
			buildSettings = {
				ASSETCATALOG_COMPILER_APPICON_NAME = AppIcon;
				INFOPLIST_FILE = EMMCoreProj/Info.plist;
				LD_RUNPATH_SEARCH_PATHS = "$(inherited) @executable_path/Frameworks";
				PRODUCT_BUNDLE_IDENTIFIER = com.yonyou.EMMCoreProj;
				PRODUCT_NAME = "$(TARGET_NAME)";
			};
			name = Release;
		};
/* End XCBuildConfiguration section */

/* Begin XCConfigurationList section */
		74D7EF361D752770002E8F93 /* Build configuration list for PBXProject "EMMCoreProj" */ = {
			isa = XCConfigurationList;
			buildConfigurations = (
				74D7EF501D752770002E8F93 /* Debug */,
				74D7EF511D752770002E8F93 /* Release */,
			);
			defaultConfigurationIsVisible = 0;
			defaultConfigurationName = Release;
		};
		74D7EF521D752770002E8F93 /* Build configuration list for PBXNativeTarget "EMMCoreProj" */ = {
			isa = XCConfigurationList;
			buildConfigurations = (
				74D7EF531D752770002E8F93 /* Debug */,
				74D7EF541D752770002E8F93 /* Release */,
			);
			defaultConfigurationIsVisible = 0;
			defaultConfigurationName = Release;
		};
/* End XCConfigurationList section */
	};
	rootObject = 74D7EF331D752770002E8F93 /* Project object */;
}
